
Microsoft Visual Studio Solution File, Format Version 12.00
# Visual Studio Version 17
VisualStudioVersion = 17.2.32630.192
MinimumVisualStudioVersion = 10.0.40219.1
Project("{FAE04EC0-301F-11D3-BF4B-00C04F79EFBC}") = "DenemeBir", "DenemeBir\DenemeBir.csproj", "{ACD009B4-724E-49C3-AF77-6C3BE108ACF3}"
EndProject
Project("{FAE04EC0-301F-11D3-BF4B-00C04F79EFBC}") = "SolutionTwo", "SolutionTwo\SolutionTwo.csproj", "{5C7A486A-650C-41F3-BC6C-7ECE037B8BF0}"
EndProject
Global
	GlobalSection(SolutionConfigurationPlatforms) = preSolution
		Debug|Any CPU = Debug|Any CPU
		Release|Any CPU = Release|Any CPU
	EndGlobalSection
	GlobalSection(ProjectConfigurationPlatforms) = postSolution
		{ACD009B4-724E-49C3-AF77-6C3BE108ACF3}.Debug|Any CPU.ActiveCfg = Debug|Any CPU
		{ACD009B4-724E-49C3-AF77-6C3BE108ACF3}.Debug|Any CPU.Build.0 = Debug|Any CPU
		{ACD009B4-724E-49C3-AF77-6C3BE108ACF3}.Release|Any CPU.ActiveCfg = Release|Any CPU
		{ACD009B4-724E-49C3-AF77-6C3BE108ACF3}.Release|Any CPU.Build.0 = Release|Any CPU
		{5C7A486A-650C-41F3-BC6C-7ECE037B8BF0}.Debug|Any CPU.ActiveCfg = Debug|Any CPU
		{5C7A486A-650C-41F3-BC6C-7ECE037B8BF0}.Debug|Any CPU.Build.0 = Debug|Any CPU
		{5C7A486A-650C-41F3-BC6C-7ECE037B8BF0}.Release|Any CPU.ActiveCfg = Release|Any CPU
		{5C7A486A-650C-41F3-BC6C-7ECE037B8BF0}.Release|Any CPU.Build.0 = Release|Any CPU
	EndGlobalSection
	GlobalSection(SolutionProperties) = preSolution
		HideSolutionNode = FALSE
	EndGlobalSection
	GlobalSection(ExtensibilityGlobals) = postSolution
		SolutionGuid = {B90C3174-480D-434A-97F2-785A2CC0FE8C}
	EndGlobalSection
EndGlobal
